
Microsoft Visual Studio Solution File, Format Version 12.00
# Visual Studio Version 17
VisualStudioVersion = 17.9.34616.47
MinimumVisualStudioVersion = 10.0.40219.1
Project("{FAE04EC0-301F-11D3-BF4B-00C04F79EFBC}") = "OptimizedPOE", "OptimizedPOE.csproj", "{C43CBB68-1A00-412F-947C-87499F18D513}"
EndProject
Global
	GlobalSection(SolutionConfigurationPlatforms) = preSolution
		Debug|Any CPU = Debug|Any CPU
		Release|Any CPU = Release|Any CPU
	EndGlobalSection
	GlobalSection(ProjectConfigurationPlatforms) = postSolution
		{C43CBB68-1A00-412F-947C-87499F18D513}.Debug|Any CPU.ActiveCfg = Debug|Any CPU
		{C43CBB68-1A00-412F-947C-87499F18D513}.Debug|Any CPU.Build.0 = Debug|Any CPU
		{C43CBB68-1A00-412F-947C-87499F18D513}.Release|Any CPU.ActiveCfg = Release|Any CPU
		{C43CBB68-1A00-412F-947C-87499F18D513}.Release|Any CPU.Build.0 = Release|Any CPU
	EndGlobalSection
	GlobalSection(SolutionProperties) = preSolution
		HideSolutionNode = FALSE
	EndGlobalSection
	GlobalSection(ExtensibilityGlobals) = postSolution
		SolutionGuid = {22AD888E-B074-449E-8DD9-E2070B6F7CC6}
	EndGlobalSection
EndGlobal
